
Microsoft Visual Studio Solution File, Format Version 12.00
# Visual Studio Version 18
VisualStudioVersion = 18.3.11304.161
MinimumVisualStudioVersion = 10.0.40219.1
Project("{FAE04EC0-301F-11D3-BF4B-00C04F79EFBC}") = "Common", "Common\Common.csproj", "{0D0FB5D3-E214-44DA-99D6-E726A5D9B418}"
EndProject
Project("{FAE04EC0-301F-11D3-BF4B-00C04F79EFBC}") = "GettingStarted", "Starts\GettingStarted\GettingStarted.csproj", "{A34A2E5E-C01F-40F5-9A29-AD1E67ACF7F9}"
EndProject
Project("{FAE04EC0-301F-11D3-BF4B-00C04F79EFBC}") = "BasicKernelLoading", "Starts\BasicKernelLoading\BasicKernelLoading.csproj", "{7D4ECC69-178E-40DB-82CC-61C0D50B048E}"
EndProject
Project("{FAE04EC0-301F-11D3-BF4B-00C04F79EFBC}") = "SemanticFunctionInline", "Starts\SemanticFunctionInline\SemanticFunctionInline.csproj", "{0B0095A5-C7BC-4B09-B9ED-E4FB1FDAD09E}"
EndProject
Project("{FAE04EC0-301F-11D3-BF4B-00C04F79EFBC}") = "KernelArgumentsChat", "Starts\KernelArgumentsChat\KernelArgumentsChat.csproj", "{F1E8E40B-77C5-4CFD-A6AF-16A0EE49FFF9}"
EndProject
Project("{FAE04EC0-301F-11D3-BF4B-00C04F79EFBC}") = "FunctionCalling", "Starts\FunctionCalling\FunctionCalling.csproj", "{E4A96161-7225-4ED1-B169-7ACAB896F9FC}"
EndProject
Project("{FAE04EC0-301F-11D3-BF4B-00C04F79EFBC}") = "ChatCompletion", "Concepts\ChatCompletion\ChatCompletion.csproj", "{FEB2F98B-968C-4BF6-8FE2-BF8E95785B5A}"
EndProject
Project("{FAE04EC0-301F-11D3-BF4B-00C04F79EFBC}") = "Plugins", "Concepts\Plugins\Plugins.csproj", "{952F063B-325D-4A8E-9154-6AEDAB02D4CA}"
EndProject
Project("{FAE04EC0-301F-11D3-BF4B-00C04F79EFBC}") = "Memory", "Concepts\Memory\Memory.csproj", "{609BCD25-3D76-4531-BD54-43DC24B3FB35}"
EndProject
Project("{FAE04EC0-301F-11D3-BF4B-00C04F79EFBC}") = "Streaming", "Concepts\Streaming\Streaming.csproj", "{2EE50745-DB69-4A37-9A9B-F4B9A8CCB198}"
EndProject
Project("{FAE04EC0-301F-11D3-BF4B-00C04F79EFBC}") = "FunctionCallingAdvanced", "Concepts\FunctionCallingAdvanced\FunctionCallingAdvanced.csproj", "{5512C6CC-AB88-4E19-A946-6AB3032BD012}"
EndProject
Project("{FAE04EC0-301F-11D3-BF4B-00C04F79EFBC}") = "PromptTemplates", "Concepts\PromptTemplates\PromptTemplates.csproj", "{6266C65E-9533-4B91-92A7-421AF74A1795}"
EndProject
Project("{FAE04EC0-301F-11D3-BF4B-00C04F79EFBC}") = "TextGeneration", "Concepts\TextGeneration\TextGeneration.csproj", "{858A07D4-3345-433A-A7C2-AA88D2D7BB6A}"
EndProject
Project("{FAE04EC0-301F-11D3-BF4B-00C04F79EFBC}") = "Filtering", "Concepts\Filtering\Filtering.csproj", "{7445DF40-0730-4070-916A-3A7B2F7F874D}"
EndProject
Project("{FAE04EC0-301F-11D3-BF4B-00C04F79EFBC}") = "RAG", "Concepts\RAG\RAG.csproj", "{E62553CA-9310-4C74-9AB8-11C70F524757}"
EndProject
Project("{FAE04EC0-301F-11D3-BF4B-00C04F79EFBC}") = "Agents", "Concepts\Agents\Agents.csproj", "{D907EBD0-4CE5-479E-8EDE-3A665CD5BF26}"
EndProject
Project("{FAE04EC0-301F-11D3-BF4B-00C04F79EFBC}") = "Search", "Concepts\Search\Search.csproj", "{0ADA539F-15E0-4AC5-871E-4F204D7763AA}"
EndProject
Project("{FAE04EC0-301F-11D3-BF4B-00C04F79EFBC}") = "DependencyInjection", "Concepts\DependencyInjection\DependencyInjection.csproj", "{9FCB6CC0-3692-4E10-B511-1464564CF0DF}"
EndProject
Project("{2150E333-8FDC-42A3-9474-1A3956D46DE8}") = "Starts", "Starts", "{A7E0BFA8-B4B0-4770-885C-62138484BE76}"
EndProject
Project("{2150E333-8FDC-42A3-9474-1A3956D46DE8}") = "Concepts", "Concepts", "{B38D8E19-432C-4779-AA5C-B6D98BEB90A7}"
EndProject
Project("{2150E333-8FDC-42A3-9474-1A3956D46DE8}") = "Common", "Common", "{0AE878AF-AF21-4BD3-B143-AAA552EDEDC2}"
EndProject
Project("{FAE04EC0-301F-11D3-BF4B-00C04F79EFBC}") = "OrderProcessWorkflow", "Advances\OrderProcessWorkflow\OrderProcessWorkflow.csproj", "{D57839AD-5DA4-42ED-98DC-E00ACA58F3FA}"
EndProject
Project("{2150E333-8FDC-42A3-9474-1A3956D46DE8}") = "Advances", "Advances", "{831F2681-5753-4E9B-AE22-CD391FD915C1}"
EndProject
Global
	GlobalSection(SolutionConfigurationPlatforms) = preSolution
		Debug|Any CPU = Debug|Any CPU
		Debug|x64 = Debug|x64
		Debug|x86 = Debug|x86
		Release|Any CPU = Release|Any CPU
		Release|x64 = Release|x64
		Release|x86 = Release|x86
	EndGlobalSection
	GlobalSection(ProjectConfigurationPlatforms) = postSolution
		{0D0FB5D3-E214-44DA-99D6-E726A5D9B418}.Debug|Any CPU.ActiveCfg = Debug|Any CPU
		{0D0FB5D3-E214-44DA-99D6-E726A5D9B418}.Debug|Any CPU.Build.0 = Debug|Any CPU
		{0D0FB5D3-E214-44DA-99D6-E726A5D9B418}.Debug|x64.ActiveCfg = Debug|Any CPU
		{0D0FB5D3-E214-44DA-99D6-E726A5D9B418}.Debug|x64.Build.0 = Debug|Any CPU
		{0D0FB5D3-E214-44DA-99D6-E726A5D9B418}.Debug|x86.ActiveCfg = Debug|Any CPU
		{0D0FB5D3-E214-44DA-99D6-E726A5D9B418}.Debug|x86.Build.0 = Debug|Any CPU
		{0D0FB5D3-E214-44DA-99D6-E726A5D9B418}.Release|Any CPU.ActiveCfg = Release|Any CPU
		{0D0FB5D3-E214-44DA-99D6-E726A5D9B418}.Release|Any CPU.Build.0 = Release|Any CPU
		{0D0FB5D3-E214-44DA-99D6-E726A5D9B418}.Release|x64.ActiveCfg = Release|Any CPU
		{0D0FB5D3-E214-44DA-99D6-E726A5D9B418}.Release|x64.Build.0 = Release|Any CPU
		{0D0FB5D3-E214-44DA-99D6-E726A5D9B418}.Release|x86.ActiveCfg = Release|Any CPU
		{0D0FB5D3-E214-44DA-99D6-E726A5D9B418}.Release|x86.Build.0 = Release|Any CPU
		{A34A2E5E-C01F-40F5-9A29-AD1E67ACF7F9}.Debug|Any CPU.ActiveCfg = Debug|Any CPU
		{A34A2E5E-C01F-40F5-9A29-AD1E67ACF7F9}.Debug|Any CPU.Build.0 = Debug|Any CPU
		{A34A2E5E-C01F-40F5-9A29-AD1E67ACF7F9}.Debug|x64.ActiveCfg = Debug|Any CPU
		{A34A2E5E-C01F-40F5-9A29-AD1E67ACF7F9}.Debug|x64.Build.0 = Debug|Any CPU
		{A34A2E5E-C01F-40F5-9A29-AD1E67ACF7F9}.Debug|x86.ActiveCfg = Debug|Any CPU
		{A34A2E5E-C01F-40F5-9A29-AD1E67ACF7F9}.Debug|x86.Build.0 = Debug|Any CPU
		{A34A2E5E-C01F-40F5-9A29-AD1E67ACF7F9}.Release|Any CPU.ActiveCfg = Release|Any CPU
		{A34A2E5E-C01F-40F5-9A29-AD1E67ACF7F9}.Release|Any CPU.Build.0 = Release|Any CPU
		{A34A2E5E-C01F-40F5-9A29-AD1E67ACF7F9}.Release|x64.ActiveCfg = Release|Any CPU
		{A34A2E5E-C01F-40F5-9A29-AD1E67ACF7F9}.Release|x64.Build.0 = Release|Any CPU
		{A34A2E5E-C01F-40F5-9A29-AD1E67ACF7F9}.Release|x86.ActiveCfg = Release|Any CPU
		{A34A2E5E-C01F-40F5-9A29-AD1E67ACF7F9}.Release|x86.Build.0 = Release|Any CPU
		{7D4ECC69-178E-40DB-82CC-61C0D50B048E}.Debug|Any CPU.ActiveCfg = Debug|Any CPU
		{7D4ECC69-178E-40DB-82CC-61C0D50B048E}.Debug|Any CPU.Build.0 = Debug|Any CPU
		{7D4ECC69-178E-40DB-82CC-61C0D50B048E}.Debug|x64.ActiveCfg = Debug|Any CPU
		{7D4ECC69-178E-40DB-82CC-61C0D50B048E}.Debug|x64.Build.0 = Debug|Any CPU
		{7D4ECC69-178E-40DB-82CC-61C0D50B048E}.Debug|x86.ActiveCfg = Debug|Any CPU
		{7D4ECC69-178E-40DB-82CC-61C0D50B048E}.Debug|x86.Build.0 = Debug|Any CPU
		{7D4ECC69-178E-40DB-82CC-61C0D50B048E}.Release|Any CPU.ActiveCfg = Release|Any CPU
		{7D4ECC69-178E-40DB-82CC-61C0D50B048E}.Release|Any CPU.Build.0 = Release|Any CPU
		{7D4ECC69-178E-40DB-82CC-61C0D50B048E}.Release|x64.ActiveCfg = Release|Any CPU
		{7D4ECC69-178E-40DB-82CC-61C0D50B048E}.Release|x64.Build.0 = Release|Any CPU
		{7D4ECC69-178E-40DB-82CC-61C0D50B048E}.Release|x86.ActiveCfg = Release|Any CPU
		{7D4ECC69-178E-40DB-82CC-61C0D50B048E}.Release|x86.Build.0 = Release|Any CPU
		{0B0095A5-C7BC-4B09-B9ED-E4FB1FDAD09E}.Debug|Any CPU.ActiveCfg = Debug|Any CPU
		{0B0095A5-C7BC-4B09-B9ED-E4FB1FDAD09E}.Debug|Any CPU.Build.0 = Debug|Any CPU
		{0B0095A5-C7BC-4B09-B9ED-E4FB1FDAD09E}.Debug|x64.ActiveCfg = Debug|Any CPU
		{0B0095A5-C7BC-4B09-B9ED-E4FB1FDAD09E}.Debug|x64.Build.0 = Debug|Any CPU
		{0B0095A5-C7BC-4B09-B9ED-E4FB1FDAD09E}.Debug|x86.ActiveCfg = Debug|Any CPU
		{0B0095A5-C7BC-4B09-B9ED-E4FB1FDAD09E}.Debug|x86.Build.0 = Debug|Any CPU
		{0B0095A5-C7BC-4B09-B9ED-E4FB1FDAD09E}.Release|Any CPU.ActiveCfg = Release|Any CPU
		{0B0095A5-C7BC-4B09-B9ED-E4FB1FDAD09E}.Release|Any CPU.Build.0 = Release|Any CPU
		{0B0095A5-C7BC-4B09-B9ED-E4FB1FDAD09E}.Release|x64.ActiveCfg = Release|Any CPU
		{0B0095A5-C7BC-4B09-B9ED-E4FB1FDAD09E}.Release|x64.Build.0 = Release|Any CPU
		{0B0095A5-C7BC-4B09-B9ED-E4FB1FDAD09E}.Release|x86.ActiveCfg = Release|Any CPU
		{0B0095A5-C7BC-4B09-B9ED-E4FB1FDAD09E}.Release|x86.Build.0 = Release|Any CPU
		{F1E8E40B-77C5-4CFD-A6AF-16A0EE49FFF9}.Debug|Any CPU.ActiveCfg = Debug|Any CPU
		{F1E8E40B-77C5-4CFD-A6AF-16A0EE49FFF9}.Debug|Any CPU.Build.0 = Debug|Any CPU
		{F1E8E40B-77C5-4CFD-A6AF-16A0EE49FFF9}.Debug|x64.ActiveCfg = Debug|Any CPU
		{F1E8E40B-77C5-4CFD-A6AF-16A0EE49FFF9}.Debug|x64.Build.0 = Debug|Any CPU
		{F1E8E40B-77C5-4CFD-A6AF-16A0EE49FFF9}.Debug|x86.ActiveCfg = Debug|Any CPU
		{F1E8E40B-77C5-4CFD-A6AF-16A0EE49FFF9}.Debug|x86.Build.0 = Debug|Any CPU
		{F1E8E40B-77C5-4CFD-A6AF-16A0EE49FFF9}.Release|Any CPU.ActiveCfg = Release|Any CPU
		{F1E8E40B-77C5-4CFD-A6AF-16A0EE49FFF9}.Release|Any CPU.Build.0 = Release|Any CPU
		{F1E8E40B-77C5-4CFD-A6AF-16A0EE49FFF9}.Release|x64.ActiveCfg = Release|Any CPU
		{F1E8E40B-77C5-4CFD-A6AF-16A0EE49FFF9}.Release|x64.Build.0 = Release|Any CPU
		{F1E8E40B-77C5-4CFD-A6AF-16A0EE49FFF9}.Release|x86.ActiveCfg = Release|Any CPU
		{F1E8E40B-77C5-4CFD-A6AF-16A0EE49FFF9}.Release|x86.Build.0 = Release|Any CPU
		{E4A96161-7225-4ED1-B169-7ACAB896F9FC}.Debug|Any CPU.ActiveCfg = Debug|Any CPU
		{E4A96161-7225-4ED1-B169-7ACAB896F9FC}.Debug|Any CPU.Build.0 = Debug|Any CPU
		{E4A96161-7225-4ED1-B169-7ACAB896F9FC}.Debug|x64.ActiveCfg = Debug|Any CPU
		{E4A96161-7225-4ED1-B169-7ACAB896F9FC}.Debug|x64.Build.0 = Debug|Any CPU
		{E4A96161-7225-4ED1-B169-7ACAB896F9FC}.Debug|x86.ActiveCfg = Debug|Any CPU
		{E4A96161-7225-4ED1-B169-7ACAB896F9FC}.Debug|x86.Build.0 = Debug|Any CPU
		{E4A96161-7225-4ED1-B169-7ACAB896F9FC}.Release|Any CPU.ActiveCfg = Release|Any CPU
		{E4A96161-7225-4ED1-B169-7ACAB896F9FC}.Release|Any CPU.Build.0 = Release|Any CPU
		{E4A96161-7225-4ED1-B169-7ACAB896F9FC}.Release|x64.ActiveCfg = Release|Any CPU
		{E4A96161-7225-4ED1-B169-7ACAB896F9FC}.Release|x64.Build.0 = Release|Any CPU
		{E4A96161-7225-4ED1-B169-7ACAB896F9FC}.Release|x86.ActiveCfg = Release|Any CPU
		{E4A96161-7225-4ED1-B169-7ACAB896F9FC}.Release|x86.Build.0 = Release|Any CPU
		{FEB2F98B-968C-4BF6-8FE2-BF8E95785B5A}.Debug|Any CPU.ActiveCfg = Debug|Any CPU
		{FEB2F98B-968C-4BF6-8FE2-BF8E95785B5A}.Debug|Any CPU.Build.0 = Debug|Any CPU
		{FEB2F98B-968C-4BF6-8FE2-BF8E95785B5A}.Debug|x64.ActiveCfg = Debug|Any CPU
		{FEB2F98B-968C-4BF6-8FE2-BF8E95785B5A}.Debug|x64.Build.0 = Debug|Any CPU
		{FEB2F98B-968C-4BF6-8FE2-BF8E95785B5A}.Debug|x86.ActiveCfg = Debug|Any CPU
		{FEB2F98B-968C-4BF6-8FE2-BF8E95785B5A}.Debug|x86.Build.0 = Debug|Any CPU
		{FEB2F98B-968C-4BF6-8FE2-BF8E95785B5A}.Release|Any CPU.ActiveCfg = Release|Any CPU
		{FEB2F98B-968C-4BF6-8FE2-BF8E95785B5A}.Release|Any CPU.Build.0 = Release|Any CPU
		{FEB2F98B-968C-4BF6-8FE2-BF8E95785B5A}.Release|x64.ActiveCfg = Release|Any CPU
		{FEB2F98B-968C-4BF6-8FE2-BF8E95785B5A}.Release|x64.Build.0 = Release|Any CPU
		{FEB2F98B-968C-4BF6-8FE2-BF8E95785B5A}.Release|x86.ActiveCfg = Release|Any CPU
		{FEB2F98B-968C-4BF6-8FE2-BF8E95785B5A}.Release|x86.Build.0 = Release|Any CPU
		{952F063B-325D-4A8E-9154-6AEDAB02D4CA}.Debug|Any CPU.ActiveCfg = Debug|Any CPU
		{952F063B-325D-4A8E-9154-6AEDAB02D4CA}.Debug|Any CPU.Build.0 = Debug|Any CPU
		{952F063B-325D-4A8E-9154-6AEDAB02D4CA}.Debug|x64.ActiveCfg = Debug|Any CPU
		{952F063B-325D-4A8E-9154-6AEDAB02D4CA}.Debug|x64.Build.0 = Debug|Any CPU
		{952F063B-325D-4A8E-9154-6AEDAB02D4CA}.Debug|x86.ActiveCfg = Debug|Any CPU
		{952F063B-325D-4A8E-9154-6AEDAB02D4CA}.Debug|x86.Build.0 = Debug|Any CPU
		{952F063B-325D-4A8E-9154-6AEDAB02D4CA}.Release|Any CPU.ActiveCfg = Release|Any CPU
		{952F063B-325D-4A8E-9154-6AEDAB02D4CA}.Release|Any CPU.Build.0 = Release|Any CPU
		{952F063B-325D-4A8E-9154-6AEDAB02D4CA}.Release|x64.ActiveCfg = Release|Any CPU
		{952F063B-325D-4A8E-9154-6AEDAB02D4CA}.Release|x64.Build.0 = Release|Any CPU
		{952F063B-325D-4A8E-9154-6AEDAB02D4CA}.Release|x86.ActiveCfg = Release|Any CPU
		{952F063B-325D-4A8E-9154-6AEDAB02D4CA}.Release|x86.Build.0 = Release|Any CPU
		{609BCD25-3D76-4531-BD54-43DC24B3FB35}.Debug|Any CPU.ActiveCfg = Debug|Any CPU
		{609BCD25-3D76-4531-BD54-43DC24B3FB35}.Debug|Any CPU.Build.0 = Debug|Any CPU
		{609BCD25-3D76-4531-BD54-43DC24B3FB35}.Debug|x64.ActiveCfg = Debug|Any CPU
		{609BCD25-3D76-4531-BD54-43DC24B3FB35}.Debug|x64.Build.0 = Debug|Any CPU
		{609BCD25-3D76-4531-BD54-43DC24B3FB35}.Debug|x86.ActiveCfg = Debug|Any CPU
		{609BCD25-3D76-4531-BD54-43DC24B3FB35}.Debug|x86.Build.0 = Debug|Any CPU
		{609BCD25-3D76-4531-BD54-43DC24B3FB35}.Release|Any CPU.ActiveCfg = Release|Any CPU
		{609BCD25-3D76-4531-BD54-43DC24B3FB35}.Release|Any CPU.Build.0 = Release|Any CPU
		{609BCD25-3D76-4531-BD54-43DC24B3FB35}.Release|x64.ActiveCfg = Release|Any CPU
		{609BCD25-3D76-4531-BD54-43DC24B3FB35}.Release|x64.Build.0 = Release|Any CPU
		{609BCD25-3D76-4531-BD54-43DC24B3FB35}.Release|x86.ActiveCfg = Release|Any CPU
		{609BCD25-3D76-4531-BD54-43DC24B3FB35}.Release|x86.Build.0 = Release|Any CPU
		{2EE50745-DB69-4A37-9A9B-F4B9A8CCB198}.Debug|Any CPU.ActiveCfg = Debug|Any CPU
		{2EE50745-DB69-4A37-9A9B-F4B9A8CCB198}.Debug|Any CPU.Build.0 = Debug|Any CPU
		{2EE50745-DB69-4A37-9A9B-F4B9A8CCB198}.Debug|x64.ActiveCfg = Debug|Any CPU
		{2EE50745-DB69-4A37-9A9B-F4B9A8CCB198}.Debug|x64.Build.0 = Debug|Any CPU
		{2EE50745-DB69-4A37-9A9B-F4B9A8CCB198}.Debug|x86.ActiveCfg = Debug|Any CPU
		{2EE50745-DB69-4A37-9A9B-F4B9A8CCB198}.Debug|x86.Build.0 = Debug|Any CPU
		{2EE50745-DB69-4A37-9A9B-F4B9A8CCB198}.Release|Any CPU.ActiveCfg = Release|Any CPU
		{2EE50745-DB69-4A37-9A9B-F4B9A8CCB198}.Release|Any CPU.Build.0 = Release|Any CPU
		{2EE50745-DB69-4A37-9A9B-F4B9A8CCB198}.Release|x64.ActiveCfg = Release|Any CPU
		{2EE50745-DB69-4A37-9A9B-F4B9A8CCB198}.Release|x64.Build.0 = Release|Any CPU
		{2EE50745-DB69-4A37-9A9B-F4B9A8CCB198}.Release|x86.ActiveCfg = Release|Any CPU
		{2EE50745-DB69-4A37-9A9B-F4B9A8CCB198}.Release|x86.Build.0 = Release|Any CPU
		{5512C6CC-AB88-4E19-A946-6AB3032BD012}.Debug|Any CPU.ActiveCfg = Debug|Any CPU
		{5512C6CC-AB88-4E19-A946-6AB3032BD012}.Debug|Any CPU.Build.0 = Debug|Any CPU
		{5512C6CC-AB88-4E19-A946-6AB3032BD012}.Debug|x64.ActiveCfg = Debug|Any CPU
		{5512C6CC-AB88-4E19-A946-6AB3032BD012}.Debug|x64.Build.0 = Debug|Any CPU
		{5512C6CC-AB88-4E19-A946-6AB3032BD012}.Debug|x86.ActiveCfg = Debug|Any CPU
		{5512C6CC-AB88-4E19-A946-6AB3032BD012}.Debug|x86.Build.0 = Debug|Any CPU
		{5512C6CC-AB88-4E19-A946-6AB3032BD012}.Release|Any CPU.ActiveCfg = Release|Any CPU
		{5512C6CC-AB88-4E19-A946-6AB3032BD012}.Release|Any CPU.Build.0 = Release|Any CPU
		{5512C6CC-AB88-4E19-A946-6AB3032BD012}.Release|x64.ActiveCfg = Release|Any CPU
		{5512C6CC-AB88-4E19-A946-6AB3032BD012}.Release|x64.Build.0 = Release|Any CPU
		{5512C6CC-AB88-4E19-A946-6AB3032BD012}.Release|x86.ActiveCfg = Release|Any CPU
		{5512C6CC-AB88-4E19-A946-6AB3032BD012}.Release|x86.Build.0 = Release|Any CPU
		{6266C65E-9533-4B91-92A7-421AF74A1795}.Debug|Any CPU.ActiveCfg = Debug|Any CPU
		{6266C65E-9533-4B91-92A7-421AF74A1795}.Debug|Any CPU.Build.0 = Debug|Any CPU
		{6266C65E-9533-4B91-92A7-421AF74A1795}.Debug|x64.ActiveCfg = Debug|Any CPU
		{6266C65E-9533-4B91-92A7-421AF74A1795}.Debug|x64.Build.0 = Debug|Any CPU
		{6266C65E-9533-4B91-92A7-421AF74A1795}.Debug|x86.ActiveCfg = Debug|Any CPU
		{6266C65E-9533-4B91-92A7-421AF74A1795}.Debug|x86.Build.0 = Debug|Any CPU
		{6266C65E-9533-4B91-92A7-421AF74A1795}.Release|Any CPU.ActiveCfg = Release|Any CPU
		{6266C65E-9533-4B91-92A7-421AF74A1795}.Release|Any CPU.Build.0 = Release|Any CPU
		{6266C65E-9533-4B91-92A7-421AF74A1795}.Release|x64.ActiveCfg = Release|Any CPU
		{6266C65E-9533-4B91-92A7-421AF74A1795}.Release|x64.Build.0 = Release|Any CPU
		{6266C65E-9533-4B91-92A7-421AF74A1795}.Release|x86.ActiveCfg = Release|Any CPU
		{6266C65E-9533-4B91-92A7-421AF74A1795}.Release|x86.Build.0 = Release|Any CPU
		{858A07D4-3345-433A-A7C2-AA88D2D7BB6A}.Debug|Any CPU.ActiveCfg = Debug|Any CPU
		{858A07D4-3345-433A-A7C2-AA88D2D7BB6A}.Debug|Any CPU.Build.0 = Debug|Any CPU
		{858A07D4-3345-433A-A7C2-AA88D2D7BB6A}.Debug|x64.ActiveCfg = Debug|Any CPU
		{858A07D4-3345-433A-A7C2-AA88D2D7BB6A}.Debug|x64.Build.0 = Debug|Any CPU
		{858A07D4-3345-433A-A7C2-AA88D2D7BB6A}.Debug|x86.ActiveCfg = Debug|Any CPU
		{858A07D4-3345-433A-A7C2-AA88D2D7BB6A}.Debug|x86.Build.0 = Debug|Any CPU
		{858A07D4-3345-433A-A7C2-AA88D2D7BB6A}.Release|Any CPU.ActiveCfg = Release|Any CPU
		{858A07D4-3345-433A-A7C2-AA88D2D7BB6A}.Release|Any CPU.Build.0 = Release|Any CPU
		{858A07D4-3345-433A-A7C2-AA88D2D7BB6A}.Release|x64.ActiveCfg = Release|Any CPU
		{858A07D4-3345-433A-A7C2-AA88D2D7BB6A}.Release|x64.Build.0 = Release|Any CPU
		{858A07D4-3345-433A-A7C2-AA88D2D7BB6A}.Release|x86.ActiveCfg = Release|Any CPU
		{858A07D4-3345-433A-A7C2-AA88D2D7BB6A}.Release|x86.Build.0 = Release|Any CPU
		{7445DF40-0730-4070-916A-3A7B2F7F874D}.Debug|Any CPU.ActiveCfg = Debug|Any CPU
		{7445DF40-0730-4070-916A-3A7B2F7F874D}.Debug|Any CPU.Build.0 = Debug|Any CPU
		{7445DF40-0730-4070-916A-3A7B2F7F874D}.Debug|x64.ActiveCfg = Debug|Any CPU
		{7445DF40-0730-4070-916A-3A7B2F7F874D}.Debug|x64.Build.0 = Debug|Any CPU
		{7445DF40-0730-4070-916A-3A7B2F7F874D}.Debug|x86.ActiveCfg = Debug|Any CPU
		{7445DF40-0730-4070-916A-3A7B2F7F874D}.Debug|x86.Build.0 = Debug|Any CPU
		{7445DF40-0730-4070-916A-3A7B2F7F874D}.Release|Any CPU.ActiveCfg = Release|Any CPU
		{7445DF40-0730-4070-916A-3A7B2F7F874D}.Release|Any CPU.Build.0 = Release|Any CPU
		{7445DF40-0730-4070-916A-3A7B2F7F874D}.Release|x64.ActiveCfg = Release|Any CPU
		{7445DF40-0730-4070-916A-3A7B2F7F874D}.Release|x64.Build.0 = Release|Any CPU
		{7445DF40-0730-4070-916A-3A7B2F7F874D}.Release|x86.ActiveCfg = Release|Any CPU
		{7445DF40-0730-4070-916A-3A7B2F7F874D}.Release|x86.Build.0 = Release|Any CPU
		{E62553CA-9310-4C74-9AB8-11C70F524757}.Debug|Any CPU.ActiveCfg = Debug|Any CPU
		{E62553CA-9310-4C74-9AB8-11C70F524757}.Debug|Any CPU.Build.0 = Debug|Any CPU
		{E62553CA-9310-4C74-9AB8-11C70F524757}.Debug|x64.ActiveCfg = Debug|Any CPU
		{E62553CA-9310-4C74-9AB8-11C70F524757}.Debug|x64.Build.0 = Debug|Any CPU
		{E62553CA-9310-4C74-9AB8-11C70F524757}.Debug|x86.ActiveCfg = Debug|Any CPU
		{E62553CA-9310-4C74-9AB8-11C70F524757}.Debug|x86.Build.0 = Debug|Any CPU
		{E62553CA-9310-4C74-9AB8-11C70F524757}.Release|Any CPU.ActiveCfg = Release|Any CPU
		{E62553CA-9310-4C74-9AB8-11C70F524757}.Release|Any CPU.Build.0 = Release|Any CPU
		{E62553CA-9310-4C74-9AB8-11C70F524757}.Release|x64.ActiveCfg = Release|Any CPU
		{E62553CA-9310-4C74-9AB8-11C70F524757}.Release|x64.Build.0 = Release|Any CPU
		{E62553CA-9310-4C74-9AB8-11C70F524757}.Release|x86.ActiveCfg = Release|Any CPU
		{E62553CA-9310-4C74-9AB8-11C70F524757}.Release|x86.Build.0 = Release|Any CPU
		{D907EBD0-4CE5-479E-8EDE-3A665CD5BF26}.Debug|Any CPU.ActiveCfg = Debug|Any CPU
		{D907EBD0-4CE5-479E-8EDE-3A665CD5BF26}.Debug|Any CPU.Build.0 = Debug|Any CPU
		{D907EBD0-4CE5-479E-8EDE-3A665CD5BF26}.Debug|x64.ActiveCfg = Debug|Any CPU
		{D907EBD0-4CE5-479E-8EDE-3A665CD5BF26}.Debug|x64.Build.0 = Debug|Any CPU
		{D907EBD0-4CE5-479E-8EDE-3A665CD5BF26}.Debug|x86.ActiveCfg = Debug|Any CPU
		{D907EBD0-4CE5-479E-8EDE-3A665CD5BF26}.Debug|x86.Build.0 = Debug|Any CPU
		{D907EBD0-4CE5-479E-8EDE-3A665CD5BF26}.Release|Any CPU.ActiveCfg = Release|Any CPU
		{D907EBD0-4CE5-479E-8EDE-3A665CD5BF26}.Release|Any CPU.Build.0 = Release|Any CPU
		{D907EBD0-4CE5-479E-8EDE-3A665CD5BF26}.Release|x64.ActiveCfg = Release|Any CPU
		{D907EBD0-4CE5-479E-8EDE-3A665CD5BF26}.Release|x64.Build.0 = Release|Any CPU
		{D907EBD0-4CE5-479E-8EDE-3A665CD5BF26}.Release|x86.ActiveCfg = Release|Any CPU
		{D907EBD0-4CE5-479E-8EDE-3A665CD5BF26}.Release|x86.Build.0 = Release|Any CPU
		{0ADA539F-15E0-4AC5-871E-4F204D7763AA}.Debug|Any CPU.ActiveCfg = Debug|Any CPU
		{0ADA539F-15E0-4AC5-871E-4F204D7763AA}.Debug|Any CPU.Build.0 = Debug|Any CPU
		{0ADA539F-15E0-4AC5-871E-4F204D7763AA}.Debug|x64.ActiveCfg = Debug|Any CPU
		{0ADA539F-15E0-4AC5-871E-4F204D7763AA}.Debug|x64.Build.0 = Debug|Any CPU
		{0ADA539F-15E0-4AC5-871E-4F204D7763AA}.Debug|x86.ActiveCfg = Debug|Any CPU
		{0ADA539F-15E0-4AC5-871E-4F204D7763AA}.Debug|x86.Build.0 = Debug|Any CPU
		{0ADA539F-15E0-4AC5-871E-4F204D7763AA}.Release|Any CPU.ActiveCfg = Release|Any CPU
		{0ADA539F-15E0-4AC5-871E-4F204D7763AA}.Release|Any CPU.Build.0 = Release|Any CPU
		{0ADA539F-15E0-4AC5-871E-4F204D7763AA}.Release|x64.ActiveCfg = Release|Any CPU
		{0ADA539F-15E0-4AC5-871E-4F204D7763AA}.Release|x64.Build.0 = Release|Any CPU
		{0ADA539F-15E0-4AC5-871E-4F204D7763AA}.Release|x86.ActiveCfg = Release|Any CPU
		{0ADA539F-15E0-4AC5-871E-4F204D7763AA}.Release|x86.Build.0 = Release|Any CPU
		{9FCB6CC0-3692-4E10-B511-1464564CF0DF}.Debug|Any CPU.ActiveCfg = Debug|Any CPU
		{9FCB6CC0-3692-4E10-B511-1464564CF0DF}.Debug|Any CPU.Build.0 = Debug|Any CPU
		{9FCB6CC0-3692-4E10-B511-1464564CF0DF}.Debug|x64.ActiveCfg = Debug|Any CPU
		{9FCB6CC0-3692-4E10-B511-1464564CF0DF}.Debug|x64.Build.0 = Debug|Any CPU
		{9FCB6CC0-3692-4E10-B511-1464564CF0DF}.Debug|x86.ActiveCfg = Debug|Any CPU
		{9FCB6CC0-3692-4E10-B511-1464564CF0DF}.Debug|x86.Build.0 = Debug|Any CPU
		{9FCB6CC0-3692-4E10-B511-1464564CF0DF}.Release|Any CPU.ActiveCfg = Release|Any CPU
		{9FCB6CC0-3692-4E10-B511-1464564CF0DF}.Release|Any CPU.Build.0 = Release|Any CPU
		{9FCB6CC0-3692-4E10-B511-1464564CF0DF}.Release|x64.ActiveCfg = Release|Any CPU
		{9FCB6CC0-3692-4E10-B511-1464564CF0DF}.Release|x64.Build.0 = Release|Any CPU
		{9FCB6CC0-3692-4E10-B511-1464564CF0DF}.Release|x86.ActiveCfg = Release|Any CPU
		{9FCB6CC0-3692-4E10-B511-1464564CF0DF}.Release|x86.Build.0 = Release|Any CPU
		{D57839AD-5DA4-42ED-98DC-E00ACA58F3FA}.Debug|Any CPU.ActiveCfg = Debug|Any CPU
		{D57839AD-5DA4-42ED-98DC-E00ACA58F3FA}.Debug|Any CPU.Build.0 = Debug|Any CPU
		{D57839AD-5DA4-42ED-98DC-E00ACA58F3FA}.Debug|x64.ActiveCfg = Debug|Any CPU
		{D57839AD-5DA4-42ED-98DC-E00ACA58F3FA}.Debug|x64.Build.0 = Debug|Any CPU
		{D57839AD-5DA4-42ED-98DC-E00ACA58F3FA}.Debug|x86.ActiveCfg = Debug|Any CPU
		{D57839AD-5DA4-42ED-98DC-E00ACA58F3FA}.Debug|x86.Build.0 = Debug|Any CPU
		{D57839AD-5DA4-42ED-98DC-E00ACA58F3FA}.Release|Any CPU.ActiveCfg = Release|Any CPU
		{D57839AD-5DA4-42ED-98DC-E00ACA58F3FA}.Release|Any CPU.Build.0 = Release|Any CPU
		{D57839AD-5DA4-42ED-98DC-E00ACA58F3FA}.Release|x64.ActiveCfg = Release|Any CPU
		{D57839AD-5DA4-42ED-98DC-E00ACA58F3FA}.Release|x64.Build.0 = Release|Any CPU
		{D57839AD-5DA4-42ED-98DC-E00ACA58F3FA}.Release|x86.ActiveCfg = Release|Any CPU
		{D57839AD-5DA4-42ED-98DC-E00ACA58F3FA}.Release|x86.Build.0 = Release|Any CPU
	EndGlobalSection
	GlobalSection(SolutionProperties) = preSolution
		HideSolutionNode = FALSE
	EndGlobalSection
	GlobalSection(NestedProjects) = preSolution
		{0D0FB5D3-E214-44DA-99D6-E726A5D9B418} = {0AE878AF-AF21-4BD3-B143-AAA552EDEDC2}
		{A34A2E5E-C01F-40F5-9A29-AD1E67ACF7F9} = {A7E0BFA8-B4B0-4770-885C-62138484BE76}
		{7D4ECC69-178E-40DB-82CC-61C0D50B048E} = {A7E0BFA8-B4B0-4770-885C-62138484BE76}
		{0B0095A5-C7BC-4B09-B9ED-E4FB1FDAD09E} = {A7E0BFA8-B4B0-4770-885C-62138484BE76}
		{F1E8E40B-77C5-4CFD-A6AF-16A0EE49FFF9} = {A7E0BFA8-B4B0-4770-885C-62138484BE76}
		{E4A96161-7225-4ED1-B169-7ACAB896F9FC} = {A7E0BFA8-B4B0-4770-885C-62138484BE76}
		{FEB2F98B-968C-4BF6-8FE2-BF8E95785B5A} = {B38D8E19-432C-4779-AA5C-B6D98BEB90A7}
		{952F063B-325D-4A8E-9154-6AEDAB02D4CA} = {B38D8E19-432C-4779-AA5C-B6D98BEB90A7}
		{609BCD25-3D76-4531-BD54-43DC24B3FB35} = {B38D8E19-432C-4779-AA5C-B6D98BEB90A7}
		{2EE50745-DB69-4A37-9A9B-F4B9A8CCB198} = {B38D8E19-432C-4779-AA5C-B6D98BEB90A7}
		{5512C6CC-AB88-4E19-A946-6AB3032BD012} = {B38D8E19-432C-4779-AA5C-B6D98BEB90A7}
		{6266C65E-9533-4B91-92A7-421AF74A1795} = {B38D8E19-432C-4779-AA5C-B6D98BEB90A7}
		{858A07D4-3345-433A-A7C2-AA88D2D7BB6A} = {B38D8E19-432C-4779-AA5C-B6D98BEB90A7}
		{7445DF40-0730-4070-916A-3A7B2F7F874D} = {B38D8E19-432C-4779-AA5C-B6D98BEB90A7}
		{E62553CA-9310-4C74-9AB8-11C70F524757} = {B38D8E19-432C-4779-AA5C-B6D98BEB90A7}
		{D907EBD0-4CE5-479E-8EDE-3A665CD5BF26} = {B38D8E19-432C-4779-AA5C-B6D98BEB90A7}
		{0ADA539F-15E0-4AC5-871E-4F204D7763AA} = {B38D8E19-432C-4779-AA5C-B6D98BEB90A7}
		{9FCB6CC0-3692-4E10-B511-1464564CF0DF} = {B38D8E19-432C-4779-AA5C-B6D98BEB90A7}
		{D57839AD-5DA4-42ED-98DC-E00ACA58F3FA} = {831F2681-5753-4E9B-AE22-CD391FD915C1}
	EndGlobalSection
	GlobalSection(ExtensibilityGlobals) = postSolution
		SolutionGuid = {7C53545C-38A0-4CCB-A4A8-2560A711CB8E}
	EndGlobalSection
EndGlobal
